{
  "name": "arras",
  "version": "1.0.0",
  "lockfileVersion": 1,
  "requires": true,
  "dependencies": {
    "google-closure-library": {
      "version": "20180506.0.0"
    },
    "ws": {
      "version": "6.1.4",
      "requires": {
        "async-limiter": "~1.0.0"
      },
      "dependencies": {
        "async-limiter": {
          "version": "1.0.1",
          "bundled": true
        }
      }
    }
  }
}
